
Microsoft Visual Studio Solution File, Format Version 12.00
# Visual Studio Version 16
VisualStudioVersion = 16.0.30104.148
MinimumVisualStudioVersion = 10.0.40219.1
Project("{FAE04EC0-301F-11D3-BF4B-00C04F79EFBC}") = "Advent Of Code 2020", "Advent Of Code 2020\Advent Of Code 2020.csproj", "{DFDA0062-E898-4651-B0C8-587F74753B0D}"
EndProject
Global
	GlobalSection(SolutionConfigurationPlatforms) = preSolution
		Debug|Any CPU = Debug|Any CPU
		Release|Any CPU = Release|Any CPU
	EndGlobalSection
	GlobalSection(ProjectConfigurationPlatforms) = postSolution
		{DFDA0062-E898-4651-B0C8-587F74753B0D}.Debug|Any CPU.ActiveCfg = Debug|Any CPU
		{DFDA0062-E898-4651-B0C8-587F74753B0D}.Debug|Any CPU.Build.0 = Debug|Any CPU
		{DFDA0062-E898-4651-B0C8-587F74753B0D}.Release|Any CPU.ActiveCfg = Release|Any CPU
		{DFDA0062-E898-4651-B0C8-587F74753B0D}.Release|Any CPU.Build.0 = Release|Any CPU
	EndGlobalSection
	GlobalSection(SolutionProperties) = preSolution
		HideSolutionNode = FALSE
	EndGlobalSection
	GlobalSection(ExtensibilityGlobals) = postSolution
		SolutionGuid = {59D36773-3F91-4C79-80C6-44B84B67463C}
	EndGlobalSection
EndGlobal
